{
  "name": "@coquic/coquic-js-perf",
  "version": "0.1.0",
  "lockfileVersion": 3,
  "requires": true,
  "packages": {
    "": {
      "name": "@coquic/coquic-js-perf",
      "version": "0.1.0",
      "dependencies": {
        "@coquic/coquic": "file:../../bindings/javascript"
      },
      "bin": {
        "coquic-js-perf": "bin/coquic-js-perf.mjs"
      },
      "engines": {
        "node": ">=20"
      }
    },
    "../../bindings/javascript": {
      "name": "@coquic/coquic",
      "version": "0.1.0",
      "engines": {
        "node": ">=20"
      }
    },
    "node_modules/@coquic/coquic": {
      "resolved": "../../bindings/javascript",
      "link": true
    }
  }
}
